{
  "version": 4,
  "terraform_version": "1.4.6",
  "serial": 45,
  "lineage": "d1991be0-0943-1e61-e3c1-5c7f682dc1e0",
  "outputs": {},
  "resources": [
    {
      "mode": "data",
      "type": "archive_file",
      "name": "lambda_zip",
      "provider": "provider[\"registry.terraform.io/hashicorp/archive\"]",
      "instances": [
        {
          "schema_version": 0,
          "attributes": {
            "excludes": null,
            "id": "dfbfb0f951f287acfbea273dafa636ded9d406d2",
            "output_base64sha256": "ubQJR6uHypHUx0+drdFxevirabmt9Dpb5hM6BrTb6cc=",
            "output_file_mode": null,
            "output_md5": "e9d242dca6778b6c1be0184738956949",
            "output_path": "./function.zip",
            "output_sha": "dfbfb0f951f287acfbea273dafa636ded9d406d2",
            "output_size": 307,
            "source": [],
            "source_content": null,
            "source_content_filename": null,
            "source_dir": null,
            "source_file": "./stop_ec2_alarm_handler.py",
            "type": "zip"
          },
          "sensitive_attributes": []
        }
      ]
    },
    {
      "mode": "managed",
      "type": "aws_cloudwatch_metric_alarm",
      "name": "idle_ec2",
      "provider": "provider[\"registry.terraform.io/hashicorp/aws\"]",
      "instances": [
        {
          "schema_version": 1,
          "attributes": {
            "actions_enabled": true,
            "alarm_actions": [
              "arn:aws:sns:eu-central-1:941897842631:alarm-topic"
            ],
            "alarm_description": "This metric checks if EC2 instance is idle for 30 minutes",
            "alarm_name": "idle_ec2",
            "arn": "arn:aws:cloudwatch:eu-central-1:941897842631:alarm:idle_ec2",
            "comparison_operator": "LessThanOrEqualToThreshold",
            "datapoints_to_alarm": 0,
            "dimensions": {
              "InstanceId": "i-096d72b06b1d2a49f"
            },
            "evaluate_low_sample_count_percentiles": "",
            "evaluation_periods": 2,
            "extended_statistic": "",
            "id": "idle_ec2",
            "insufficient_data_actions": [],
            "metric_name": "NetworkPacketsOut",
            "metric_query": [],
            "namespace": "AWS/EC2",
            "ok_actions": [],
            "period": 900,
            "statistic": "SampleCount",
            "tags": {},
            "tags_all": {},
            "threshold": 10,
            "threshold_metric_id": "",
            "treat_missing_data": "missing",
            "unit": ""
          },
          "sensitive_attributes": [],
          "private": "eyJzY2hlbWFfdmVyc2lvbiI6IjEifQ==",
          "dependencies": [
            "aws_instance.es_kibana_instance",
            "aws_key_pair.my_key",
            "aws_security_group.es_kibana_sg",
            "aws_sns_topic.alarm_topic"
          ]
        }
      ]
    },
    {
      "mode": "managed",
      "type": "aws_cloudwatch_metric_alarm",
      "name": "long_running_ec2",
      "provider": "provider[\"registry.terraform.io/hashicorp/aws\"]",
      "instances": [
        {
          "schema_version": 1,
          "attributes": {
            "actions_enabled": true,
            "alarm_actions": [
              "arn:aws:sns:eu-central-1:941897842631:alarm-topic"
            ],
            "alarm_description": "This metric checks if EC2 instance is running for more than 5 hours",
            "alarm_name": "long_running_ec2",
            "arn": "arn:aws:cloudwatch:eu-central-1:941897842631:alarm:long_running_ec2",
            "comparison_operator": "GreaterThanOrEqualToThreshold",
            "datapoints_to_alarm": 0,
            "dimensions": {
              "InstanceId": "i-096d72b06b1d2a49f"
            },
            "evaluate_low_sample_count_percentiles": "",
            "evaluation_periods": 20,
            "extended_statistic": "",
            "id": "long_running_ec2",
            "insufficient_data_actions": [],
            "metric_name": "CPUUtilization",
            "metric_query": [],
            "namespace": "AWS/EC2",
            "ok_actions": [],
            "period": 900,
            "statistic": "SampleCount",
            "tags": {},
            "tags_all": {},
            "threshold": 1,
            "threshold_metric_id": "",
            "treat_missing_data": "missing",
            "unit": ""
          },
          "sensitive_attributes": [],
          "private": "eyJzY2hlbWFfdmVyc2lvbiI6IjEifQ==",
          "dependencies": [
            "aws_instance.es_kibana_instance",
            "aws_key_pair.my_key",
            "aws_security_group.es_kibana_sg",
            "aws_sns_topic.alarm_topic"
          ]
        }
      ]
    },
    {
      "mode": "managed",
      "type": "aws_iam_role",
      "name": "lambda_ec2_manager",
      "provider": "provider[\"registry.terraform.io/hashicorp/aws\"]",
      "instances": [
        {
          "schema_version": 0,
          "attributes": {
            "arn": "arn:aws:iam::941897842631:role/lambda_ec2_manager",
            "assume_role_policy": "{\"Statement\":[{\"Action\":\"sts:AssumeRole\",\"Effect\":\"Allow\",\"Principal\":{\"Service\":\"lambda.amazonaws.com\"}}],\"Version\":\"2012-10-17\"}",
            "create_date": "2023-06-02T08:55:05Z",
            "description": "",
            "force_detach_policies": false,
            "id": "lambda_ec2_manager",
            "inline_policy": [
              {
                "name": "ec2_stop",
                "policy": "{\"Version\":\"2012-10-17\",\"Statement\":[{\"Action\":[\"logs:CreateLogGroup\",\"logs:CreateLogStream\",\"logs:PutLogEvents\",\"ec2:Stop*\"],\"Effect\":\"Allow\",\"Resource\":\"*\"}]}"
              }
            ],
            "managed_policy_arns": [],
            "max_session_duration": 3600,
            "name": "lambda_ec2_manager",
            "name_prefix": "",
            "path": "/",
            "permissions_boundary": null,
            "role_last_used": [
              {
                "last_used_date": "2023-06-06T13:45:02Z",
                "region": "eu-central-1"
              }
            ],
            "tags": {},
            "tags_all": {},
            "unique_id": "AROA5WTL4P7DVURCLIPPE"
          },
          "sensitive_attributes": [],
          "private": "bnVsbA=="
        }
      ]
    },
    {
      "mode": "managed",
      "type": "aws_iam_role_policy",
      "name": "ec2_stop",
      "provider": "provider[\"registry.terraform.io/hashicorp/aws\"]",
      "instances": [
        {
          "schema_version": 0,
          "attributes": {
            "id": "lambda_ec2_manager:ec2_stop",
            "name": "ec2_stop",
            "name_prefix": null,
            "policy": "{\"Version\":\"2012-10-17\",\"Statement\":[{\"Action\":[\"logs:CreateLogGroup\",\"logs:CreateLogStream\",\"logs:PutLogEvents\",\"ec2:Stop*\"],\"Effect\":\"Allow\",\"Resource\":\"*\"}]}",
            "role": "lambda_ec2_manager"
          },
          "sensitive_attributes": [],
          "private": "bnVsbA==",
          "dependencies": [
            "aws_iam_role.lambda_ec2_manager"
          ]
        }
      ]
    },
    {
      "mode": "managed",
      "type": "aws_instance",
      "name": "es_kibana_instance",
      "provider": "provider[\"registry.terraform.io/hashicorp/aws\"]",
      "instances": [
        {
          "schema_version": 1,
          "attributes": {
            "ami": "ami-08e415170f52d1657",
            "arn": "arn:aws:ec2:eu-central-1:941897842631:instance/i-096d72b06b1d2a49f",
            "associate_public_ip_address": true,
            "availability_zone": "eu-central-1c",
            "capacity_reservation_specification": [
              {
                "capacity_reservation_preference": "open",
                "capacity_reservation_target": []
              }
            ],
            "cpu_core_count": 1,
            "cpu_options": [
              {
                "amd_sev_snp": "",
                "core_count": 1,
                "threads_per_core": 2
              }
            ],
            "cpu_threads_per_core": 2,
            "credit_specification": [],
            "disable_api_stop": false,
            "disable_api_termination": false,
            "ebs_block_device": [],
            "ebs_optimized": false,
            "enclave_options": [
              {
                "enabled": false
              }
            ],
            "ephemeral_block_device": [],
            "get_password_data": false,
            "hibernation": false,
            "host_id": "",
            "host_resource_group_arn": null,
            "iam_instance_profile": "",
            "id": "i-096d72b06b1d2a49f",
            "instance_initiated_shutdown_behavior": "stop",
            "instance_state": "running",
            "instance_type": "r5d.large",
            "ipv6_address_count": 0,
            "ipv6_addresses": [],
            "key_name": "my_key",
            "launch_template": [],
            "maintenance_options": [
              {
                "auto_recovery": "default"
              }
            ],
            "metadata_options": [
              {
                "http_endpoint": "enabled",
                "http_put_response_hop_limit": 1,
                "http_tokens": "optional",
                "instance_metadata_tags": "disabled"
              }
            ],
            "monitoring": false,
            "network_interface": [],
            "outpost_arn": "",
            "password_data": "",
            "placement_group": "",
            "placement_partition_number": 0,
            "primary_network_interface_id": "eni-04c054881e6ab4009",
            "private_dns": "ip-172-31-15-191.eu-central-1.compute.internal",
            "private_dns_name_options": [
              {
                "enable_resource_name_dns_a_record": false,
                "enable_resource_name_dns_aaaa_record": false,
                "hostname_type": "ip-name"
              }
            ],
            "private_ip": "172.31.15.191",
            "public_dns": "ec2-3-71-100-250.eu-central-1.compute.amazonaws.com",
            "public_ip": "3.71.100.250",
            "root_block_device": [
              {
                "delete_on_termination": true,
                "device_name": "/dev/xvda",
                "encrypted": false,
                "iops": 100,
                "kms_key_id": "",
                "tags": {},
                "throughput": 0,
                "volume_id": "vol-07a545c57443b88dc",
                "volume_size": 8,
                "volume_type": "gp2"
              }
            ],
            "secondary_private_ips": [],
            "security_groups": [
              "es_kibana_sg"
            ],
            "source_dest_check": true,
            "subnet_id": "subnet-0e6b4c51e74a33e91",
            "tags": {
              "Name": "ESKibana"
            },
            "tags_all": {
              "Name": "ESKibana"
            },
            "tenancy": "default",
            "timeouts": null,
            "user_data": "1274d28fecff5016a21714abbcd80c2c2d7bebf6",
            "user_data_base64": null,
            "user_data_replace_on_change": false,
            "volume_tags": null,
            "vpc_security_group_ids": [
              "sg-0c632fbee858c9430"
            ]
          },
          "sensitive_attributes": [],
          "private": "eyJlMmJmYjczMC1lY2FhLTExZTYtOGY4OC0zNDM2M2JjN2M0YzAiOnsiY3JlYXRlIjo2MDAwMDAwMDAwMDAsImRlbGV0ZSI6MTIwMDAwMDAwMDAwMCwidXBkYXRlIjo2MDAwMDAwMDAwMDB9LCJzY2hlbWFfdmVyc2lvbiI6IjEifQ==",
          "dependencies": [
            "aws_key_pair.my_key",
            "aws_security_group.es_kibana_sg"
          ]
        }
      ]
    },
    {
      "mode": "managed",
      "type": "aws_key_pair",
      "name": "my_key",
      "provider": "provider[\"registry.terraform.io/hashicorp/aws\"]",
      "instances": [
        {
          "schema_version": 1,
          "attributes": {
            "arn": "arn:aws:ec2:eu-central-1:941897842631:key-pair/my_key",
            "fingerprint": "35:80:28:47:3b:80:fe:7f:e3:9b:bf:8a:5d:3e:30:0d",
            "id": "my_key",
            "key_name": "my_key",
            "key_name_prefix": "",
            "key_pair_id": "key-0abc09a5cf7368239",
            "key_type": "rsa",
            "public_key": "ssh-rsa AAAAB3NzaC1yc2EAAAADAQABAAABgQC31F5++/8uW8UvqKiqNyc2NwUXjYpDYS/3B9AULsTOU1DgLQXUBcjXBfY8/n2yU4hXZ6ikYjFAYAsRA7A79ePoEYS+mDcWs+3gEagxQ8cjW4OWEm8H8M99TZl9QyLMRu/fyv0KQeCNyIDvskbHxbMDrW+9AFQ5ZOie6lMGwCJSDTfXhXwmSK9ytfZyEkjEYnRaH99itGITV72BrqEaxpRWTmtxTjT5n7nnXCS/WwD+5QEo3isFSfeq/chYhJKdusm4KY5I8HrGssxk4U0TXd2lOmXlhUO9/1uz8O8dyzPbciOGQqNC9Dk8gtr8N7sPiyLwKHwN/1yrHVp9hUg35pWcKzv2N1yPV1AQqx+Jw7lgPj1Py3hIB1xZGQdil518fHXqNOtBEsonT5jjAEe9s8eeIaPkQRHt9yYYReYz3CFkGheGDBewl0L06LkSQscBEl2t++5CLgN7+J1061aVxCc0kaGMqVdtH9fRfFXnNm4m31qughORheuu4+MFuRzvAR8= yuval.cohen@netapp.com",
            "tags": {},
            "tags_all": {}
          },
          "sensitive_attributes": [],
          "private": "eyJzY2hlbWFfdmVyc2lvbiI6IjEifQ=="
        }
      ]
    },
    {
      "mode": "managed",
      "type": "aws_lambda_function",
      "name": "stop_ec2",
      "provider": "provider[\"registry.terraform.io/hashicorp/aws\"]",
      "instances": [
        {
          "schema_version": 0,
          "attributes": {
            "architectures": [
              "x86_64"
            ],
            "arn": "arn:aws:lambda:eu-central-1:941897842631:function:stop_ec2",
            "code_signing_config_arn": "",
            "dead_letter_config": [],
            "description": "",
            "environment": [],
            "ephemeral_storage": [
              {
                "size": 512
              }
            ],
            "file_system_config": [],
            "filename": "./function.zip",
            "function_name": "stop_ec2",
            "handler": "stop_ec2.handler",
            "id": "stop_ec2",
            "image_config": [],
            "image_uri": "",
            "invoke_arn": "arn:aws:apigateway:eu-central-1:lambda:path/2015-03-31/functions/arn:aws:lambda:eu-central-1:941897842631:function:stop_ec2/invocations",
            "kms_key_arn": "",
            "last_modified": "2023-06-02T08:55:35.651+0000",
            "layers": [],
            "memory_size": 128,
            "package_type": "Zip",
            "publish": false,
            "qualified_arn": "arn:aws:lambda:eu-central-1:941897842631:function:stop_ec2:$LATEST",
            "qualified_invoke_arn": "arn:aws:apigateway:eu-central-1:lambda:path/2015-03-31/functions/arn:aws:lambda:eu-central-1:941897842631:function:stop_ec2:$LATEST/invocations",
            "replace_security_groups_on_destroy": null,
            "replacement_security_group_ids": null,
            "reserved_concurrent_executions": -1,
            "role": "arn:aws:iam::941897842631:role/lambda_ec2_manager",
            "runtime": "python3.10",
            "s3_bucket": null,
            "s3_key": null,
            "s3_object_version": null,
            "signing_job_arn": "",
            "signing_profile_version_arn": "",
            "skip_destroy": false,
            "snap_start": [],
            "source_code_hash": "ubQJR6uHypHUx0+drdFxevirabmt9Dpb5hM6BrTb6cc=",
            "source_code_size": 307,
            "tags": {
              "Name": "stop_ec2_lambda"
            },
            "tags_all": {
              "Name": "stop_ec2_lambda"
            },
            "timeout": 3,
            "timeouts": null,
            "tracing_config": [
              {
                "mode": "PassThrough"
              }
            ],
            "version": "$LATEST",
            "vpc_config": []
          },
          "sensitive_attributes": [],
          "private": "eyJlMmJmYjczMC1lY2FhLTExZTYtOGY4OC0zNDM2M2JjN2M0YzAiOnsiY3JlYXRlIjo2MDAwMDAwMDAwMDAsImRlbGV0ZSI6NjAwMDAwMDAwMDAwLCJ1cGRhdGUiOjYwMDAwMDAwMDAwMH19",
          "dependencies": [
            "aws_iam_role.lambda_ec2_manager",
            "data.archive_file.lambda_zip"
          ]
        }
      ]
    },
    {
      "mode": "managed",
      "type": "aws_lambda_permission",
      "name": "sns",
      "provider": "provider[\"registry.terraform.io/hashicorp/aws\"]",
      "instances": [
        {
          "schema_version": 0,
          "attributes": {
            "action": "lambda:InvokeFunction",
            "event_source_token": null,
            "function_name": "stop_ec2",
            "function_url_auth_type": null,
            "id": "AllowExecutionFromSNS",
            "principal": "sns.amazonaws.com",
            "principal_org_id": null,
            "qualifier": "",
            "source_account": null,
            "source_arn": "arn:aws:sns:eu-central-1:941897842631:alarm-topic",
            "statement_id": "AllowExecutionFromSNS",
            "statement_id_prefix": ""
          },
          "sensitive_attributes": [],
          "private": "bnVsbA==",
          "dependencies": [
            "aws_iam_role.lambda_ec2_manager",
            "aws_lambda_function.stop_ec2",
            "aws_sns_topic.alarm_topic",
            "data.archive_file.lambda_zip"
          ]
        }
      ]
    },
    {
      "mode": "managed",
      "type": "aws_security_group",
      "name": "es_kibana_sg",
      "provider": "provider[\"registry.terraform.io/hashicorp/aws\"]",
      "instances": [
        {
          "schema_version": 1,
          "attributes": {
            "arn": "arn:aws:ec2:eu-central-1:941897842631:security-group/sg-0c632fbee858c9430",
            "description": "Allow inbound and outbound traffic for Kibana, ES, and SSH",
            "egress": [
              {
                "cidr_blocks": [
                  "0.0.0.0/0"
                ],
                "description": "",
                "from_port": 0,
                "ipv6_cidr_blocks": [],
                "prefix_list_ids": [],
                "protocol": "-1",
                "security_groups": [],
                "self": false,
                "to_port": 0
              }
            ],
            "id": "sg-0c632fbee858c9430",
            "ingress": [
              {
                "cidr_blocks": [
                  "0.0.0.0/0"
                ],
                "description": "Elasticsearch",
                "from_port": 9200,
                "ipv6_cidr_blocks": [],
                "prefix_list_ids": [],
                "protocol": "tcp",
                "security_groups": [],
                "self": false,
                "to_port": 9300
              },
              {
                "cidr_blocks": [
                  "0.0.0.0/0"
                ],
                "description": "Kibana",
                "from_port": 5601,
                "ipv6_cidr_blocks": [],
                "prefix_list_ids": [],
                "protocol": "tcp",
                "security_groups": [],
                "self": false,
                "to_port": 5601
              },
              {
                "cidr_blocks": [
                  "0.0.0.0/0"
                ],
                "description": "SSH",
                "from_port": 22,
                "ipv6_cidr_blocks": [],
                "prefix_list_ids": [],
                "protocol": "tcp",
                "security_groups": [],
                "self": false,
                "to_port": 22
              }
            ],
            "name": "es_kibana_sg",
            "name_prefix": "",
            "owner_id": "941897842631",
            "revoke_rules_on_delete": false,
            "tags": {},
            "tags_all": {},
            "timeouts": null,
            "vpc_id": "vpc-08567c31b21075b10"
          },
          "sensitive_attributes": [],
          "private": "eyJlMmJmYjczMC1lY2FhLTExZTYtOGY4OC0zNDM2M2JjN2M0YzAiOnsiY3JlYXRlIjo2MDAwMDAwMDAwMDAsImRlbGV0ZSI6OTAwMDAwMDAwMDAwfSwic2NoZW1hX3ZlcnNpb24iOiIxIn0="
        }
      ]
    },
    {
      "mode": "managed",
      "type": "aws_sns_topic",
      "name": "alarm_topic",
      "provider": "provider[\"registry.terraform.io/hashicorp/aws\"]",
      "instances": [
        {
          "schema_version": 0,
          "attributes": {
            "application_failure_feedback_role_arn": "",
            "application_success_feedback_role_arn": "",
            "application_success_feedback_sample_rate": 0,
            "arn": "arn:aws:sns:eu-central-1:941897842631:alarm-topic",
            "content_based_deduplication": false,
            "delivery_policy": "",
            "display_name": "",
            "fifo_topic": false,
            "firehose_failure_feedback_role_arn": "",
            "firehose_success_feedback_role_arn": "",
            "firehose_success_feedback_sample_rate": 0,
            "http_failure_feedback_role_arn": "",
            "http_success_feedback_role_arn": "",
            "http_success_feedback_sample_rate": 0,
            "id": "arn:aws:sns:eu-central-1:941897842631:alarm-topic",
            "kms_master_key_id": "",
            "lambda_failure_feedback_role_arn": "",
            "lambda_success_feedback_role_arn": "",
            "lambda_success_feedback_sample_rate": 0,
            "name": "alarm-topic",
            "name_prefix": "",
            "owner": "941897842631",
            "policy": "{\"Id\":\"__default_policy_ID\",\"Statement\":[{\"Action\":[\"SNS:GetTopicAttributes\",\"SNS:SetTopicAttributes\",\"SNS:AddPermission\",\"SNS:RemovePermission\",\"SNS:DeleteTopic\",\"SNS:Subscribe\",\"SNS:ListSubscriptionsByTopic\",\"SNS:Publish\"],\"Condition\":{\"StringEquals\":{\"AWS:SourceOwner\":\"941897842631\"}},\"Effect\":\"Allow\",\"Principal\":{\"AWS\":\"*\"},\"Resource\":\"arn:aws:sns:eu-central-1:941897842631:alarm-topic\",\"Sid\":\"__default_statement_ID\"}],\"Version\":\"2008-10-17\"}",
            "signature_version": 0,
            "sqs_failure_feedback_role_arn": "",
            "sqs_success_feedback_role_arn": "",
            "sqs_success_feedback_sample_rate": 0,
            "tags": {},
            "tags_all": {},
            "tracing_config": ""
          },
          "sensitive_attributes": [],
          "private": "bnVsbA=="
        }
      ]
    },
    {
      "mode": "managed",
      "type": "aws_sns_topic_subscription",
      "name": "lambda_subscription",
      "provider": "provider[\"registry.terraform.io/hashicorp/aws\"]",
      "instances": [
        {
          "schema_version": 0,
          "attributes": {
            "arn": "arn:aws:sns:eu-central-1:941897842631:alarm-topic:61262a1c-911d-4bba-a90d-4407b5959820",
            "confirmation_timeout_in_minutes": 1,
            "confirmation_was_authenticated": true,
            "delivery_policy": "",
            "endpoint": "arn:aws:lambda:eu-central-1:941897842631:function:stop_ec2",
            "endpoint_auto_confirms": false,
            "filter_policy": "",
            "filter_policy_scope": "",
            "id": "arn:aws:sns:eu-central-1:941897842631:alarm-topic:61262a1c-911d-4bba-a90d-4407b5959820",
            "owner_id": "941897842631",
            "pending_confirmation": false,
            "protocol": "lambda",
            "raw_message_delivery": false,
            "redrive_policy": "",
            "subscription_role_arn": "",
            "topic_arn": "arn:aws:sns:eu-central-1:941897842631:alarm-topic"
          },
          "sensitive_attributes": [],
          "private": "bnVsbA==",
          "dependencies": [
            "aws_iam_role.lambda_ec2_manager",
            "aws_lambda_function.stop_ec2",
            "aws_sns_topic.alarm_topic",
            "data.archive_file.lambda_zip"
          ]
        }
      ]
    }
  ],
  "check_results": null
}
